
Microsoft Visual Studio Solution File, Format Version 12.00
# Visual Studio Version 17
VisualStudioVersion = 17.13.35931.197
MinimumVisualStudioVersion = 10.0.40219.1
Project("{FAE04EC0-301F-11D3-BF4B-00C04F79EFBC}") = "CarFinder", "CarFinder\CarFinder.csproj", "{9A2A9EC7-0948-4A28-91AD-10E0A1F74D3B}"
EndProject
Project("{FAE04EC0-301F-11D3-BF4B-00C04F79EFBC}") = "CarFinder.Application", "CarFinder.Application\CarFinder.Application.csproj", "{61846FF0-5ABC-40A2-8459-FBE1BE7C110D}"
EndProject
Project("{FAE04EC0-301F-11D3-BF4B-00C04F79EFBC}") = "CarFinder.Infrastructure", "CarFinder.Infrastructure\CarFinder.Infrastructure.csproj", "{A2E24F04-F1DB-4ADF-A23A-55EB81CBFB37}"
EndProject
Project("{FAE04EC0-301F-11D3-BF4B-00C04F79EFBC}") = "CarFinder.Domain", "CarFinder.Domain\CarFinder.Domain.csproj", "{FA3DCF6E-F9D5-4353-AAB2-0F2871FA7488}"
EndProject
Global
	GlobalSection(SolutionConfigurationPlatforms) = preSolution
		Debug|Any CPU = Debug|Any CPU
		Release|Any CPU = Release|Any CPU
	EndGlobalSection
	GlobalSection(ProjectConfigurationPlatforms) = postSolution
		{9A2A9EC7-0948-4A28-91AD-10E0A1F74D3B}.Debug|Any CPU.ActiveCfg = Debug|Any CPU
		{9A2A9EC7-0948-4A28-91AD-10E0A1F74D3B}.Debug|Any CPU.Build.0 = Debug|Any CPU
		{9A2A9EC7-0948-4A28-91AD-10E0A1F74D3B}.Release|Any CPU.ActiveCfg = Release|Any CPU
		{9A2A9EC7-0948-4A28-91AD-10E0A1F74D3B}.Release|Any CPU.Build.0 = Release|Any CPU
		{61846FF0-5ABC-40A2-8459-FBE1BE7C110D}.Debug|Any CPU.ActiveCfg = Debug|Any CPU
		{61846FF0-5ABC-40A2-8459-FBE1BE7C110D}.Debug|Any CPU.Build.0 = Debug|Any CPU
		{61846FF0-5ABC-40A2-8459-FBE1BE7C110D}.Release|Any CPU.ActiveCfg = Release|Any CPU
		{61846FF0-5ABC-40A2-8459-FBE1BE7C110D}.Release|Any CPU.Build.0 = Release|Any CPU
		{A2E24F04-F1DB-4ADF-A23A-55EB81CBFB37}.Debug|Any CPU.ActiveCfg = Debug|Any CPU
		{A2E24F04-F1DB-4ADF-A23A-55EB81CBFB37}.Debug|Any CPU.Build.0 = Debug|Any CPU
		{A2E24F04-F1DB-4ADF-A23A-55EB81CBFB37}.Release|Any CPU.ActiveCfg = Release|Any CPU
		{A2E24F04-F1DB-4ADF-A23A-55EB81CBFB37}.Release|Any CPU.Build.0 = Release|Any CPU
		{FA3DCF6E-F9D5-4353-AAB2-0F2871FA7488}.Debug|Any CPU.ActiveCfg = Debug|Any CPU
		{FA3DCF6E-F9D5-4353-AAB2-0F2871FA7488}.Debug|Any CPU.Build.0 = Debug|Any CPU
		{FA3DCF6E-F9D5-4353-AAB2-0F2871FA7488}.Release|Any CPU.ActiveCfg = Release|Any CPU
		{FA3DCF6E-F9D5-4353-AAB2-0F2871FA7488}.Release|Any CPU.Build.0 = Release|Any CPU
	EndGlobalSection
	GlobalSection(SolutionProperties) = preSolution
		HideSolutionNode = FALSE
	EndGlobalSection
	GlobalSection(ExtensibilityGlobals) = postSolution
		SolutionGuid = {2966638A-2F5E-471E-9B2E-3D06E4B36E4E}
	EndGlobalSection
EndGlobal
